
Microsoft Visual Studio Solution File, Format Version 12.00
# Visual Studio 15
VisualStudioVersion = 15.0.26730.10
MinimumVisualStudioVersion = 10.0.40219.1
Project("{FAE04EC0-301F-11D3-BF4B-00C04F79EFBC}") = "Medications", "Medications.csproj", "{D56FBC5F-0933-4378-A714-3604B2AB10D3}"
EndProject
Global
	GlobalSection(SolutionConfigurationPlatforms) = preSolution
		Debug|Any CPU = Debug|Any CPU
		Release|Any CPU = Release|Any CPU
	EndGlobalSection
	GlobalSection(ProjectConfigurationPlatforms) = postSolution
		{D56FBC5F-0933-4378-A714-3604B2AB10D3}.Debug|Any CPU.ActiveCfg = Debug|Any CPU
		{D56FBC5F-0933-4378-A714-3604B2AB10D3}.Debug|Any CPU.Build.0 = Debug|Any CPU
		{D56FBC5F-0933-4378-A714-3604B2AB10D3}.Release|Any CPU.ActiveCfg = Release|Any CPU
		{D56FBC5F-0933-4378-A714-3604B2AB10D3}.Release|Any CPU.Build.0 = Release|Any CPU
	EndGlobalSection
	GlobalSection(SolutionProperties) = preSolution
		HideSolutionNode = FALSE
	EndGlobalSection
	GlobalSection(ExtensibilityGlobals) = postSolution
		SolutionGuid = {4AC85353-DB6A-48AD-BC8A-B16CCD9C333F}
	EndGlobalSection
EndGlobal
